{
  "name": "plaax-nodejs-aws-lambdas",
  "version": "1.0.0",
  "lockfileVersion": 3,
  "requires": true,
  "packages": {
    "": {
      "name": "plaax-nodejs-aws-lambdas",
      "version": "1.0.0",
      "devDependencies": {
        "@types/aws-lambda": "^8.10.119"
      },
      "engines": {
        "node": ">=18.12.1 <19.0.0",
        "npm": ">=9.5.0 < 10.0.0"
      }
    },
    "node_modules/@types/aws-lambda": {
      "version": "8.10.119",
      "resolved": "https://registry.npmjs.org/@types/aws-lambda/-/aws-lambda-8.10.119.tgz",
      "integrity": "sha512-Vqm22aZrCvCd6I5g1SvpW151jfqwTzEZ7XJ3yZ6xaZG31nUEOEyzzVImjRcsN8Wi/QyPxId/x8GTtgIbsy8kEw==",
      "dev": true
    }
  }
}
